
Microsoft Visual Studio Solution File, Format Version 12.00
# Visual Studio 14
VisualStudioVersion = 14.0.25420.1
MinimumVisualStudioVersion = 10.0.40219.1
Project("{FAE04EC0-301F-11D3-BF4B-00C04F79EFBC}") = "CarPool.Specs", "CarPool.Specs\CarPool.Specs.csproj", "{0E170F3A-D1C1-47C2-9D3C-18BD5FEF71A8}"
EndProject
Project("{FAE04EC0-301F-11D3-BF4B-00C04F79EFBC}") = "CarPool.Business", "CarPool.Business\CarPool.Business.csproj", "{439F598C-898D-4DF9-A51B-415471C80647}"
EndProject
Global
	GlobalSection(SolutionConfigurationPlatforms) = preSolution
		Debug|Any CPU = Debug|Any CPU
		Release|Any CPU = Release|Any CPU
	EndGlobalSection
	GlobalSection(ProjectConfigurationPlatforms) = postSolution
		{0E170F3A-D1C1-47C2-9D3C-18BD5FEF71A8}.Debug|Any CPU.ActiveCfg = Debug|Any CPU
		{0E170F3A-D1C1-47C2-9D3C-18BD5FEF71A8}.Debug|Any CPU.Build.0 = Debug|Any CPU
		{0E170F3A-D1C1-47C2-9D3C-18BD5FEF71A8}.Release|Any CPU.ActiveCfg = Release|Any CPU
		{0E170F3A-D1C1-47C2-9D3C-18BD5FEF71A8}.Release|Any CPU.Build.0 = Release|Any CPU
		{439F598C-898D-4DF9-A51B-415471C80647}.Debug|Any CPU.ActiveCfg = Debug|Any CPU
		{439F598C-898D-4DF9-A51B-415471C80647}.Debug|Any CPU.Build.0 = Debug|Any CPU
		{439F598C-898D-4DF9-A51B-415471C80647}.Release|Any CPU.ActiveCfg = Release|Any CPU
		{439F598C-898D-4DF9-A51B-415471C80647}.Release|Any CPU.Build.0 = Release|Any CPU
	EndGlobalSection
	GlobalSection(SolutionProperties) = preSolution
		HideSolutionNode = FALSE
	EndGlobalSection
EndGlobal
